
Microsoft Visual Studio Solution File, Format Version 12.00
# Visual Studio Version 17
VisualStudioVersion = 17.4.33213.308
MinimumVisualStudioVersion = 10.0.40219.1
Project("{FAE04EC0-301F-11D3-BF4B-00C04F79EFBC}") = "DataAccess", "DataAccess\DataAccess.csproj", "{6F8F5487-5E8B-449C-A79C-44D21A54D42E}"
EndProject
Project("{FAE04EC0-301F-11D3-BF4B-00C04F79EFBC}") = "Entities", "Entities\Entities.csproj", "{D7F404E4-580E-43DC-99C7-A87FC25804CD}"
EndProject
Project("{FAE04EC0-301F-11D3-BF4B-00C04F79EFBC}") = "Business", "Business\Business.csproj", "{0D91E7FB-A696-407E-A5AA-A3F999B5AADE}"
EndProject
Project("{FAE04EC0-301F-11D3-BF4B-00C04F79EFBC}") = "ConsoleUI", "ConsoleUI\ConsoleUI.csproj", "{D317B891-FE29-4672-B7B1-903F33B00F5A}"
EndProject
Project("{FAE04EC0-301F-11D3-BF4B-00C04F79EFBC}") = "Core", "Core\Core.csproj", "{D34FF62C-C46C-4158-B69D-A120E3DE17A2}"
EndProject
Global
	GlobalSection(SolutionConfigurationPlatforms) = preSolution
		Debug|Any CPU = Debug|Any CPU
		Release|Any CPU = Release|Any CPU
	EndGlobalSection
	GlobalSection(ProjectConfigurationPlatforms) = postSolution
		{6F8F5487-5E8B-449C-A79C-44D21A54D42E}.Debug|Any CPU.ActiveCfg = Debug|Any CPU
		{6F8F5487-5E8B-449C-A79C-44D21A54D42E}.Debug|Any CPU.Build.0 = Debug|Any CPU
		{6F8F5487-5E8B-449C-A79C-44D21A54D42E}.Release|Any CPU.ActiveCfg = Release|Any CPU
		{6F8F5487-5E8B-449C-A79C-44D21A54D42E}.Release|Any CPU.Build.0 = Release|Any CPU
		{D7F404E4-580E-43DC-99C7-A87FC25804CD}.Debug|Any CPU.ActiveCfg = Debug|Any CPU
		{D7F404E4-580E-43DC-99C7-A87FC25804CD}.Debug|Any CPU.Build.0 = Debug|Any CPU
		{D7F404E4-580E-43DC-99C7-A87FC25804CD}.Release|Any CPU.ActiveCfg = Release|Any CPU
		{D7F404E4-580E-43DC-99C7-A87FC25804CD}.Release|Any CPU.Build.0 = Release|Any CPU
		{0D91E7FB-A696-407E-A5AA-A3F999B5AADE}.Debug|Any CPU.ActiveCfg = Debug|Any CPU
		{0D91E7FB-A696-407E-A5AA-A3F999B5AADE}.Debug|Any CPU.Build.0 = Debug|Any CPU
		{0D91E7FB-A696-407E-A5AA-A3F999B5AADE}.Release|Any CPU.ActiveCfg = Release|Any CPU
		{0D91E7FB-A696-407E-A5AA-A3F999B5AADE}.Release|Any CPU.Build.0 = Release|Any CPU
		{D317B891-FE29-4672-B7B1-903F33B00F5A}.Debug|Any CPU.ActiveCfg = Debug|Any CPU
		{D317B891-FE29-4672-B7B1-903F33B00F5A}.Debug|Any CPU.Build.0 = Debug|Any CPU
		{D317B891-FE29-4672-B7B1-903F33B00F5A}.Release|Any CPU.ActiveCfg = Release|Any CPU
		{D317B891-FE29-4672-B7B1-903F33B00F5A}.Release|Any CPU.Build.0 = Release|Any CPU
		{D34FF62C-C46C-4158-B69D-A120E3DE17A2}.Debug|Any CPU.ActiveCfg = Debug|Any CPU
		{D34FF62C-C46C-4158-B69D-A120E3DE17A2}.Debug|Any CPU.Build.0 = Debug|Any CPU
		{D34FF62C-C46C-4158-B69D-A120E3DE17A2}.Release|Any CPU.ActiveCfg = Release|Any CPU
		{D34FF62C-C46C-4158-B69D-A120E3DE17A2}.Release|Any CPU.Build.0 = Release|Any CPU
	EndGlobalSection
	GlobalSection(SolutionProperties) = preSolution
		HideSolutionNode = FALSE
	EndGlobalSection
	GlobalSection(ExtensibilityGlobals) = postSolution
		SolutionGuid = {0F8387C0-D6E3-404B-9CE1-312E78D2A3DD}
	EndGlobalSection
EndGlobal
